
Microsoft Visual Studio Solution File, Format Version 12.00
# Visual Studio Version 17
VisualStudioVersion = 17.14.36109.1 d17.14
MinimumVisualStudioVersion = 10.0.40219.1
Project("{FAE04EC0-301F-11D3-BF4B-00C04F79EFBC}") = "WhisperCLI", "WhisperCLI.csproj", "{DB3C83E1-EB2A-4CEC-AE8E-6E97B88198A5}"
EndProject
Global
	GlobalSection(SolutionConfigurationPlatforms) = preSolution
		Debug|Any CPU = Debug|Any CPU
		Release|Any CPU = Release|Any CPU
	EndGlobalSection
	GlobalSection(ProjectConfigurationPlatforms) = postSolution
		{DB3C83E1-EB2A-4CEC-AE8E-6E97B88198A5}.Debug|Any CPU.ActiveCfg = Debug|Any CPU
		{DB3C83E1-EB2A-4CEC-AE8E-6E97B88198A5}.Debug|Any CPU.Build.0 = Debug|Any CPU
		{DB3C83E1-EB2A-4CEC-AE8E-6E97B88198A5}.Release|Any CPU.ActiveCfg = Release|Any CPU
		{DB3C83E1-EB2A-4CEC-AE8E-6E97B88198A5}.Release|Any CPU.Build.0 = Release|Any CPU
	EndGlobalSection
	GlobalSection(SolutionProperties) = preSolution
		HideSolutionNode = FALSE
	EndGlobalSection
	GlobalSection(ExtensibilityGlobals) = postSolution
		SolutionGuid = {F20B643A-6CEA-4298-AC18-F14016EE4005}
	EndGlobalSection
EndGlobal
